
Microsoft Visual Studio Solution File, Format Version 12.00
# Visual Studio Version 17
VisualStudioVersion = 17.6.33829.357
MinimumVisualStudioVersion = 10.0.40219.1
Project("{FAE04EC0-301F-11D3-BF4B-00C04F79EFBC}") = "HotelManagement", "HotelManagement.csproj", "{395C3EA4-347D-4E3A-9661-241B47AC8E23}"
EndProject
Global
	GlobalSection(SolutionConfigurationPlatforms) = preSolution
		Debug|Any CPU = Debug|Any CPU
		Release|Any CPU = Release|Any CPU
	EndGlobalSection
	GlobalSection(ProjectConfigurationPlatforms) = postSolution
		{395C3EA4-347D-4E3A-9661-241B47AC8E23}.Debug|Any CPU.ActiveCfg = Debug|Any CPU
		{395C3EA4-347D-4E3A-9661-241B47AC8E23}.Debug|Any CPU.Build.0 = Debug|Any CPU
		{395C3EA4-347D-4E3A-9661-241B47AC8E23}.Release|Any CPU.ActiveCfg = Release|Any CPU
		{395C3EA4-347D-4E3A-9661-241B47AC8E23}.Release|Any CPU.Build.0 = Release|Any CPU
	EndGlobalSection
	GlobalSection(SolutionProperties) = preSolution
		HideSolutionNode = FALSE
	EndGlobalSection
	GlobalSection(ExtensibilityGlobals) = postSolution
		SolutionGuid = {2ABDA217-7758-4547-AAF8-7BF2D0AB24F5}
	EndGlobalSection
EndGlobal
